
Microsoft Visual Studio Solution File, Format Version 12.00
# Visual Studio 15
VisualStudioVersion = 15.0.27703.2047
MinimumVisualStudioVersion = 10.0.40219.1
Project("{FAE04EC0-301F-11D3-BF4B-00C04F79EFBC}") = "UserApplication", "UserApplication\UserApplication.csproj", "{09A38EE9-16DB-4B7B-B64C-F53A510DCDEF}"
EndProject
Global
	GlobalSection(SolutionConfigurationPlatforms) = preSolution
		Debug|Any CPU = Debug|Any CPU
		Release|Any CPU = Release|Any CPU
	EndGlobalSection
	GlobalSection(ProjectConfigurationPlatforms) = postSolution
		{09A38EE9-16DB-4B7B-B64C-F53A510DCDEF}.Debug|Any CPU.ActiveCfg = Debug|Any CPU
		{09A38EE9-16DB-4B7B-B64C-F53A510DCDEF}.Debug|Any CPU.Build.0 = Debug|Any CPU
		{09A38EE9-16DB-4B7B-B64C-F53A510DCDEF}.Release|Any CPU.ActiveCfg = Release|Any CPU
		{09A38EE9-16DB-4B7B-B64C-F53A510DCDEF}.Release|Any CPU.Build.0 = Release|Any CPU
	EndGlobalSection
	GlobalSection(SolutionProperties) = preSolution
		HideSolutionNode = FALSE
	EndGlobalSection
	GlobalSection(ExtensibilityGlobals) = postSolution
		SolutionGuid = {8449DEE1-8251-4828-AF97-1F5C3565DD2B}
	EndGlobalSection
EndGlobal
